// !$*UTF8*$!
{
	archiveVersion = 1;
	classes = {
	};
	objectVersion = 46;
	objects = {

/* Begin PBXBuildFile section */
		AAB468F91CF83DE400B828ED /* main.m in Sources */ = {isa = PBXBuildFile; fileRef = AAB468F81CF83DE400B828ED /* main.m */; };
		AAB468FC1CF83DE400B828ED /* AppDelegate.m in Sources */ = {isa = PBXBuildFile; fileRef = AAB468FB1CF83DE400B828ED /* AppDelegate.m */; };
		AAB468FF1CF83DE400B828ED /* ViewController.m in Sources */ = {isa = PBXBuildFile; fileRef = AAB468FE1CF83DE400B828ED /* ViewController.m */; };
		AAB469021CF83DE400B828ED /* Main.storyboard in Resources */ = {isa = PBXBuildFile; fileRef = AAB469001CF83DE400B828ED /* Main.storyboard */; };
		AAB469041CF83DE400B828ED /* Assets.xcassets in Resources */ = {isa = PBXBuildFile; fileRef = AAB469031CF83DE400B828ED /* Assets.xcassets */; };
		AAB469071CF83DE400B828ED /* LaunchScreen.storyboard in Resources */ = {isa = PBXBuildFile; fileRef = AAB469051CF83DE400B828ED /* LaunchScreen.storyboard */; };
		AAB469121CF83DE400B828ED /* DLTabBarControllerDemoTests.m in Sources */ = {isa = PBXBuildFile; fileRef = AAB469111CF83DE400B828ED /* DLTabBarControllerDemoTests.m */; };
		AAB4691D1CF83DE400B828ED /* DLTabBarControllerDemoUITests.m in Sources */ = {isa = PBXBuildFile; fileRef = AAB4691C1CF83DE400B828ED /* DLTabBarControllerDemoUITests.m */; };
		AAB4692E1CF8411B00B828ED /* DLTabBar.m in Sources */ = {isa = PBXBuildFile; fileRef = AAB4692D1CF8411B00B828ED /* DLTabBar.m */; };
		AAB469311CF8413900B828ED /* DLTabBarController.m in Sources */ = {isa = PBXBuildFile; fileRef = AAB469301CF8413900B828ED /* DLTabBarController.m */; };
		AAB469341CF8438E00B828ED /* UIView+Extension.m in Sources */ = {isa = PBXBuildFile; fileRef = AAB469331CF8438E00B828ED /* UIView+Extension.m */; };
		AAB469501CF8456E00B828ED /* BHBBottomBar.m in Sources */ = {isa = PBXBuildFile; fileRef = AAB469371CF8456E00B828ED /* BHBBottomBar.m */; };
		AAB469511CF8456E00B828ED /* BHBCenterView.m in Sources */ = {isa = PBXBuildFile; fileRef = AAB469391CF8456E00B828ED /* BHBCenterView.m */; };
		AAB469521CF8456E00B828ED /* BHBCustomBtn.m in Sources */ = {isa = PBXBuildFile; fileRef = AAB4693B1CF8456E00B828ED /* BHBCustomBtn.m */; };
		AAB469531CF8456E00B828ED /* BHBGroup.m in Sources */ = {isa = PBXBuildFile; fileRef = AAB4693D1CF8456E00B828ED /* BHBGroup.m */; };
		AAB469541CF8456E00B828ED /* BHBItem.m in Sources */ = {isa = PBXBuildFile; fileRef = AAB4693F1CF8456E00B828ED /* BHBItem.m */; };
		AAB469551CF8456E00B828ED /* BHBPlaySoundTool.m in Sources */ = {isa = PBXBuildFile; fileRef = AAB469411CF8456E00B828ED /* BHBPlaySoundTool.m */; };
		AAB469561CF8456E00B828ED /* BHBPopView.m in Sources */ = {isa = PBXBuildFile; fileRef = AAB469431CF8456E00B828ED /* BHBPopView.m */; };
		AAB469571CF8456E00B828ED /* images.bundle in Resources */ = {isa = PBXBuildFile; fileRef = AAB469461CF8456E00B828ED /* images.bundle */; };
		AAB469581CF8456E00B828ED /* music.bundle in Resources */ = {isa = PBXBuildFile; fileRef = AAB469471CF8456E00B828ED /* music.bundle */; };
		AAB469591CF8456E00B828ED /* UIButton+BHBSetImage.m in Sources */ = {isa = PBXBuildFile; fileRef = AAB469491CF8456E00B828ED /* UIButton+BHBSetImage.m */; };
		AAB4695A1CF8456E00B828ED /* UIImage+BHBEffects.m in Sources */ = {isa = PBXBuildFile; fileRef = AAB4694B1CF8456E00B828ED /* UIImage+BHBEffects.m */; };
		AAB4695B1CF8456E00B828ED /* UIImageView+BHBSetImage.m in Sources */ = {isa = PBXBuildFile; fileRef = AAB4694D1CF8456E00B828ED /* UIImageView+BHBSetImage.m */; };
		AAB4695C1CF8456E00B828ED /* UIView+BHBAnimation.m in Sources */ = {isa = PBXBuildFile; fileRef = AAB4694F1CF8456E00B828ED /* UIView+BHBAnimation.m */; };
/* End PBXBuildFile section */

/* Begin PBXContainerItemProxy section */
		AAB4690E1CF83DE400B828ED /* PBXContainerItemProxy */ = {
			isa = PBXContainerItemProxy;
			containerPortal = AAB468EC1CF83DE400B828ED /* Project object */;
			proxyType = 1;
			remoteGlobalIDString = AAB468F31CF83DE400B828ED;
			remoteInfo = DLTabBarControllerDemo;
		};
		AAB469191CF83DE400B828ED /* PBXContainerItemProxy */ = {
			isa = PBXContainerItemProxy;
			containerPortal = AAB468EC1CF83DE400B828ED /* Project object */;
			proxyType = 1;
			remoteGlobalIDString = AAB468F31CF83DE400B828ED;
			remoteInfo = DLTabBarControllerDemo;
		};
/* End PBXContainerItemProxy section */

/* Begin PBXFileReference section */
		AAB468F41CF83DE400B828ED /* DLTabBarControllerDemo.app */ = {isa = PBXFileReference; explicitFileType = wrapper.application; includeInIndex = 0; path = DLTabBarControllerDemo.app; sourceTree = BUILT_PRODUCTS_DIR; };
		AAB468F81CF83DE400B828ED /* main.m */ = {isa = PBXFileReference; lastKnownFileType = sourcecode.c.objc; path = main.m; sourceTree = "<group>"; };
		AAB468FA1CF83DE400B828ED /* AppDelegate.h */ = {isa = PBXFileReference; lastKnownFileType = sourcecode.c.h; path = AppDelegate.h; sourceTree = "<group>"; };
		AAB468FB1CF83DE400B828ED /* AppDelegate.m */ = {isa = PBXFileReference; lastKnownFileType = sourcecode.c.objc; path = AppDelegate.m; sourceTree = "<group>"; };
		AAB468FD1CF83DE400B828ED /* ViewController.h */ = {isa = PBXFileReference; lastKnownFileType = sourcecode.c.h; path = ViewController.h; sourceTree = "<group>"; };
		AAB468FE1CF83DE400B828ED /* ViewController.m */ = {isa = PBXFileReference; lastKnownFileType = sourcecode.c.objc; path = ViewController.m; sourceTree = "<group>"; };
		AAB469011CF83DE400B828ED /* Base */ = {isa = PBXFileReference; lastKnownFileType = file.storyboard; name = Base; path = Base.lproj/Main.storyboard; sourceTree = "<group>"; };
		AAB469031CF83DE400B828ED /* Assets.xcassets */ = {isa = PBXFileReference; lastKnownFileType = folder.assetcatalog; path = Assets.xcassets; sourceTree = "<group>"; };
		AAB469061CF83DE400B828ED /* Base */ = {isa = PBXFileReference; lastKnownFileType = file.storyboard; name = Base; path = Base.lproj/LaunchScreen.storyboard; sourceTree = "<group>"; };
		AAB469081CF83DE400B828ED /* Info.plist */ = {isa = PBXFileReference; lastKnownFileType = text.plist.xml; path = Info.plist; sourceTree = "<group>"; };
		AAB4690D1CF83DE400B828ED /* DLTabBarControllerDemoTests.xctest */ = {isa = PBXFileReference; explicitFileType = wrapper.cfbundle; includeInIndex = 0; path = DLTabBarControllerDemoTests.xctest; sourceTree = BUILT_PRODUCTS_DIR; };
		AAB469111CF83DE400B828ED /* DLTabBarControllerDemoTests.m */ = {isa = PBXFileReference; lastKnownFileType = sourcecode.c.objc; path = DLTabBarControllerDemoTests.m; sourceTree = "<group>"; };
		AAB469131CF83DE400B828ED /* Info.plist */ = {isa = PBXFileReference; lastKnownFileType = text.plist.xml; path = Info.plist; sourceTree = "<group>"; };
		AAB469181CF83DE400B828ED /* DLTabBarControllerDemoUITests.xctest */ = {isa = PBXFileReference; explicitFileType = wrapper.cfbundle; includeInIndex = 0; path = DLTabBarControllerDemoUITests.xctest; sourceTree = BUILT_PRODUCTS_DIR; };
		AAB4691C1CF83DE400B828ED /* DLTabBarControllerDemoUITests.m */ = {isa = PBXFileReference; lastKnownFileType = sourcecode.c.objc; path = DLTabBarControllerDemoUITests.m; sourceTree = "<group>"; };
		AAB4691E1CF83DE400B828ED /* Info.plist */ = {isa = PBXFileReference; lastKnownFileType = text.plist.xml; path = Info.plist; sourceTree = "<group>"; };
		AAB4692C1CF8411B00B828ED /* DLTabBar.h */ = {isa = PBXFileReference; fileEncoding = 4; lastKnownFileType = sourcecode.c.h; name = DLTabBar.h; path = ../DLTabBar.h; sourceTree = "<group>"; };
		AAB4692D1CF8411B00B828ED /* DLTabBar.m */ = {isa = PBXFileReference; fileEncoding = 4; lastKnownFileType = sourcecode.c.objc; name = DLTabBar.m; path = ../DLTabBar.m; sourceTree = "<group>"; };
		AAB4692F1CF8413900B828ED /* DLTabBarController.h */ = {isa = PBXFileReference; fileEncoding = 4; lastKnownFileType = sourcecode.c.h; name = DLTabBarController.h; path = DLTabBarControllerDemo/DLTabBarController.h; sourceTree = SOURCE_ROOT; };
		AAB469301CF8413900B828ED /* DLTabBarController.m */ = {isa = PBXFileReference; fileEncoding = 4; lastKnownFileType = sourcecode.c.objc; name = DLTabBarController.m; path = DLTabBarControllerDemo/DLTabBarController.m; sourceTree = SOURCE_ROOT; };
		AAB469321CF8438E00B828ED /* UIView+Extension.h */ = {isa = PBXFileReference; fileEncoding = 4; lastKnownFileType = sourcecode.c.h; path = "UIView+Extension.h"; sourceTree = "<group>"; };
		AAB469331CF8438E00B828ED /* UIView+Extension.m */ = {isa = PBXFileReference; fileEncoding = 4; lastKnownFileType = sourcecode.c.objc; path = "UIView+Extension.m"; sourceTree = "<group>"; };
		AAB469361CF8456E00B828ED /* BHBBottomBar.h */ = {isa = PBXFileReference; fileEncoding = 4; lastKnownFileType = sourcecode.c.h; path = BHBBottomBar.h; sourceTree = "<group>"; };
		AAB469371CF8456E00B828ED /* BHBBottomBar.m */ = {isa = PBXFileReference; fileEncoding = 4; lastKnownFileType = sourcecode.c.objc; path = BHBBottomBar.m; sourceTree = "<group>"; };
		AAB469381CF8456E00B828ED /* BHBCenterView.h */ = {isa = PBXFileReference; fileEncoding = 4; lastKnownFileType = sourcecode.c.h; path = BHBCenterView.h; sourceTree = "<group>"; };
		AAB469391CF8456E00B828ED /* BHBCenterView.m */ = {isa = PBXFileReference; fileEncoding = 4; lastKnownFileType = sourcecode.c.objc; path = BHBCenterView.m; sourceTree = "<group>"; };
		AAB4693A1CF8456E00B828ED /* BHBCustomBtn.h */ = {isa = PBXFileReference; fileEncoding = 4; lastKnownFileType = sourcecode.c.h; path = BHBCustomBtn.h; sourceTree = "<group>"; };
		AAB4693B1CF8456E00B828ED /* BHBCustomBtn.m */ = {isa = PBXFileReference; fileEncoding = 4; lastKnownFileType = sourcecode.c.objc; path = BHBCustomBtn.m; sourceTree = "<group>"; };
		AAB4693C1CF8456E00B828ED /* BHBGroup.h */ = {isa = PBXFileReference; fileEncoding = 4; lastKnownFileType = sourcecode.c.h; path = BHBGroup.h; sourceTree = "<group>"; };
		AAB4693D1CF8456E00B828ED /* BHBGroup.m */ = {isa = PBXFileReference; fileEncoding = 4; lastKnownFileType = sourcecode.c.objc; path = BHBGroup.m; sourceTree = "<group>"; };
		AAB4693E1CF8456E00B828ED /* BHBItem.h */ = {isa = PBXFileReference; fileEncoding = 4; lastKnownFileType = sourcecode.c.h; path = BHBItem.h; sourceTree = "<group>"; };
		AAB4693F1CF8456E00B828ED /* BHBItem.m */ = {isa = PBXFileReference; fileEncoding = 4; lastKnownFileType = sourcecode.c.objc; path = BHBItem.m; sourceTree = "<group>"; };
		AAB469401CF8456E00B828ED /* BHBPlaySoundTool.h */ = {isa = PBXFileReference; fileEncoding = 4; lastKnownFileType = sourcecode.c.h; path = BHBPlaySoundTool.h; sourceTree = "<group>"; };
		AAB469411CF8456E00B828ED /* BHBPlaySoundTool.m */ = {isa = PBXFileReference; fileEncoding = 4; lastKnownFileType = sourcecode.c.objc; path = BHBPlaySoundTool.m; sourceTree = "<group>"; };
		AAB469421CF8456E00B828ED /* BHBPopView.h */ = {isa = PBXFileReference; fileEncoding = 4; lastKnownFileType = sourcecode.c.h; path = BHBPopView.h; sourceTree = "<group>"; };
		AAB469431CF8456E00B828ED /* BHBPopView.m */ = {isa = PBXFileReference; fileEncoding = 4; lastKnownFileType = sourcecode.c.objc; path = BHBPopView.m; sourceTree = "<group>"; };
		AAB469441CF8456E00B828ED /* BHBSingleton.h */ = {isa = PBXFileReference; fileEncoding = 4; lastKnownFileType = sourcecode.c.h; path = BHBSingleton.h; sourceTree = "<group>"; };
		AAB469461CF8456E00B828ED /* images.bundle */ = {isa = PBXFileReference; lastKnownFileType = "wrapper.plug-in"; path = images.bundle; sourceTree = "<group>"; };
		AAB469471CF8456E00B828ED /* music.bundle */ = {isa = PBXFileReference; lastKnownFileType = "wrapper.plug-in"; path = music.bundle; sourceTree = "<group>"; };
		AAB469481CF8456E00B828ED /* UIButton+BHBSetImage.h */ = {isa = PBXFileReference; fileEncoding = 4; lastKnownFileType = sourcecode.c.h; path = "UIButton+BHBSetImage.h"; sourceTree = "<group>"; };
		AAB469491CF8456E00B828ED /* UIButton+BHBSetImage.m */ = {isa = PBXFileReference; fileEncoding = 4; lastKnownFileType = sourcecode.c.objc; path = "UIButton+BHBSetImage.m"; sourceTree = "<group>"; };
		AAB4694A1CF8456E00B828ED /* UIImage+BHBEffects.h */ = {isa = PBXFileReference; fileEncoding = 4; lastKnownFileType = sourcecode.c.h; path = "UIImage+BHBEffects.h"; sourceTree = "<group>"; };
		AAB4694B1CF8456E00B828ED /* UIImage+BHBEffects.m */ = {isa = PBXFileReference; fileEncoding = 4; lastKnownFileType = sourcecode.c.objc; path = "UIImage+BHBEffects.m"; sourceTree = "<group>"; };
		AAB4694C1CF8456E00B828ED /* UIImageView+BHBSetImage.h */ = {isa = PBXFileReference; fileEncoding = 4; lastKnownFileType = sourcecode.c.h; path = "UIImageView+BHBSetImage.h"; sourceTree = "<group>"; };
		AAB4694D1CF8456E00B828ED /* UIImageView+BHBSetImage.m */ = {isa = PBXFileReference; fileEncoding = 4; lastKnownFileType = sourcecode.c.objc; path = "UIImageView+BHBSetImage.m"; sourceTree = "<group>"; };
		AAB4694E1CF8456E00B828ED /* UIView+BHBAnimation.h */ = {isa = PBXFileReference; fileEncoding = 4; lastKnownFileType = sourcecode.c.h; path = "UIView+BHBAnimation.h"; sourceTree = "<group>"; };
		AAB4694F1CF8456E00B828ED /* UIView+BHBAnimation.m */ = {isa = PBXFileReference; fileEncoding = 4; lastKnownFileType = sourcecode.c.objc; path = "UIView+BHBAnimation.m"; sourceTree = "<group>"; };
/* End PBXFileReference section */

/* Begin PBXFrameworksBuildPhase section */
		AAB468F11CF83DE400B828ED /* Frameworks */ = {
			isa = PBXFrameworksBuildPhase;
			buildActionMask = 2147483647;
			files = (
			);
			runOnlyForDeploymentPostprocessing = 0;
		};
		AAB4690A1CF83DE400B828ED /* Frameworks */ = {
			isa = PBXFrameworksBuildPhase;
			buildActionMask = 2147483647;
			files = (
			);
			runOnlyForDeploymentPostprocessing = 0;
		};
		AAB469151CF83DE400B828ED /* Frameworks */ = {
			isa = PBXFrameworksBuildPhase;
			buildActionMask = 2147483647;
			files = (
			);
			runOnlyForDeploymentPostprocessing = 0;
		};
/* End PBXFrameworksBuildPhase section */

/* Begin PBXGroup section */
		AAB468EB1CF83DE400B828ED = {
			isa = PBXGroup;
			children = (
				AAB468F61CF83DE400B828ED /* DLTabBarControllerDemo */,
				AAB469101CF83DE400B828ED /* DLTabBarControllerDemoTests */,
				AAB4691B1CF83DE400B828ED /* DLTabBarControllerDemoUITests */,
				AAB468F51CF83DE400B828ED /* Products */,
			);
			sourceTree = "<group>";
		};
		AAB468F51CF83DE400B828ED /* Products */ = {
			isa = PBXGroup;
			children = (
				AAB468F41CF83DE400B828ED /* DLTabBarControllerDemo.app */,
				AAB4690D1CF83DE400B828ED /* DLTabBarControllerDemoTests.xctest */,
				AAB469181CF83DE400B828ED /* DLTabBarControllerDemoUITests.xctest */,
			);
			name = Products;
			sourceTree = "<group>";
		};
		AAB468F61CF83DE400B828ED /* DLTabBarControllerDemo */ = {
			isa = PBXGroup;
			children = (
				AAB4692B1CF83E8800B828ED /* Lib */,
				AAB4692A1CF83E1900B828ED /* DLTabBarController */,
				AAB468FA1CF83DE400B828ED /* AppDelegate.h */,
				AAB468FB1CF83DE400B828ED /* AppDelegate.m */,
				AAB468FD1CF83DE400B828ED /* ViewController.h */,
				AAB468FE1CF83DE400B828ED /* ViewController.m */,
				AAB469001CF83DE400B828ED /* Main.storyboard */,
				AAB469031CF83DE400B828ED /* Assets.xcassets */,
				AAB469051CF83DE400B828ED /* LaunchScreen.storyboard */,
				AAB469081CF83DE400B828ED /* Info.plist */,
				AAB468F71CF83DE400B828ED /* Supporting Files */,
			);
			path = DLTabBarControllerDemo;
			sourceTree = "<group>";
		};
		AAB468F71CF83DE400B828ED /* Supporting Files */ = {
			isa = PBXGroup;
			children = (
				AAB468F81CF83DE400B828ED /* main.m */,
			);
			name = "Supporting Files";
			sourceTree = "<group>";
		};
		AAB469101CF83DE400B828ED /* DLTabBarControllerDemoTests */ = {
			isa = PBXGroup;
			children = (
				AAB469111CF83DE400B828ED /* DLTabBarControllerDemoTests.m */,
				AAB469131CF83DE400B828ED /* Info.plist */,
			);
			path = DLTabBarControllerDemoTests;
			sourceTree = "<group>";
		};
		AAB4691B1CF83DE400B828ED /* DLTabBarControllerDemoUITests */ = {
			isa = PBXGroup;
			children = (
				AAB4691C1CF83DE400B828ED /* DLTabBarControllerDemoUITests.m */,
				AAB4691E1CF83DE400B828ED /* Info.plist */,
			);
			path = DLTabBarControllerDemoUITests;
			sourceTree = "<group>";
		};
		AAB4692A1CF83E1900B828ED /* DLTabBarController */ = {
			isa = PBXGroup;
			children = (
				AAB4692C1CF8411B00B828ED /* DLTabBar.h */,
				AAB4692D1CF8411B00B828ED /* DLTabBar.m */,
				AAB4692F1CF8413900B828ED /* DLTabBarController.h */,
				AAB469301CF8413900B828ED /* DLTabBarController.m */,
			);
			path = DLTabBarController;
			sourceTree = "<group>";
		};
		AAB4692B1CF83E8800B828ED /* Lib */ = {
			isa = PBXGroup;
			children = (
				AAB469351CF8456E00B828ED /* BHBPopView */,
				AAB469321CF8438E00B828ED /* UIView+Extension.h */,
				AAB469331CF8438E00B828ED /* UIView+Extension.m */,
			);
			path = Lib;
			sourceTree = "<group>";
		};
		AAB469351CF8456E00B828ED /* BHBPopView */ = {
			isa = PBXGroup;
			children = (
				AAB469361CF8456E00B828ED /* BHBBottomBar.h */,
				AAB469371CF8456E00B828ED /* BHBBottomBar.m */,
				AAB469381CF8456E00B828ED /* BHBCenterView.h */,
				AAB469391CF8456E00B828ED /* BHBCenterView.m */,
				AAB4693A1CF8456E00B828ED /* BHBCustomBtn.h */,
				AAB4693B1CF8456E00B828ED /* BHBCustomBtn.m */,
				AAB4693C1CF8456E00B828ED /* BHBGroup.h */,
				AAB4693D1CF8456E00B828ED /* BHBGroup.m */,
				AAB4693E1CF8456E00B828ED /* BHBItem.h */,
				AAB4693F1CF8456E00B828ED /* BHBItem.m */,
				AAB469401CF8456E00B828ED /* BHBPlaySoundTool.h */,
				AAB469411CF8456E00B828ED /* BHBPlaySoundTool.m */,
				AAB469421CF8456E00B828ED /* BHBPopView.h */,
				AAB469431CF8456E00B828ED /* BHBPopView.m */,
				AAB469441CF8456E00B828ED /* BHBSingleton.h */,
				AAB469451CF8456E00B828ED /* Resource */,
				AAB469481CF8456E00B828ED /* UIButton+BHBSetImage.h */,
				AAB469491CF8456E00B828ED /* UIButton+BHBSetImage.m */,
				AAB4694A1CF8456E00B828ED /* UIImage+BHBEffects.h */,
				AAB4694B1CF8456E00B828ED /* UIImage+BHBEffects.m */,
				AAB4694C1CF8456E00B828ED /* UIImageView+BHBSetImage.h */,
				AAB4694D1CF8456E00B828ED /* UIImageView+BHBSetImage.m */,
				AAB4694E1CF8456E00B828ED /* UIView+BHBAnimation.h */,
				AAB4694F1CF8456E00B828ED /* UIView+BHBAnimation.m */,
			);
			path = BHBPopView;
			sourceTree = "<group>";
		};
		AAB469451CF8456E00B828ED /* Resource */ = {
			isa = PBXGroup;
			children = (
				AAB469461CF8456E00B828ED /* images.bundle */,
				AAB469471CF8456E00B828ED /* music.bundle */,
			);
			path = Resource;
			sourceTree = "<group>";
		};
/* End PBXGroup section */

/* Begin PBXNativeTarget section */
		AAB468F31CF83DE400B828ED /* DLTabBarControllerDemo */ = {
			isa = PBXNativeTarget;
			buildConfigurationList = AAB469211CF83DE400B828ED /* Build configuration list for PBXNativeTarget "DLTabBarControllerDemo" */;
			buildPhases = (
				AAB468F01CF83DE400B828ED /* Sources */,
				AAB468F11CF83DE400B828ED /* Frameworks */,
				AAB468F21CF83DE400B828ED /* Resources */,
			);
			buildRules = (
			);
			dependencies = (
			);
			name = DLTabBarControllerDemo;
			productName = DLTabBarControllerDemo;
			productReference = AAB468F41CF83DE400B828ED /* DLTabBarControllerDemo.app */;
			productType = "com.apple.product-type.application";
		};
		AAB4690C1CF83DE400B828ED /* DLTabBarControllerDemoTests */ = {
			isa = PBXNativeTarget;
			buildConfigurationList = AAB469241CF83DE400B828ED /* Build configuration list for PBXNativeTarget "DLTabBarControllerDemoTests" */;
			buildPhases = (
				AAB469091CF83DE400B828ED /* Sources */,
				AAB4690A1CF83DE400B828ED /* Frameworks */,
				AAB4690B1CF83DE400B828ED /* Resources */,
			);
			buildRules = (
			);
			dependencies = (
				AAB4690F1CF83DE400B828ED /* PBXTargetDependency */,
			);
			name = DLTabBarControllerDemoTests;
			productName = DLTabBarControllerDemoTests;
			productReference = AAB4690D1CF83DE400B828ED /* DLTabBarControllerDemoTests.xctest */;
			productType = "com.apple.product-type.bundle.unit-test";
		};
		AAB469171CF83DE400B828ED /* DLTabBarControllerDemoUITests */ = {
			isa = PBXNativeTarget;
			buildConfigurationList = AAB469271CF83DE400B828ED /* Build configuration list for PBXNativeTarget "DLTabBarControllerDemoUITests" */;
			buildPhases = (
				AAB469141CF83DE400B828ED /* Sources */,
				AAB469151CF83DE400B828ED /* Frameworks */,
				AAB469161CF83DE400B828ED /* Resources */,
			);
			buildRules = (
			);
			dependencies = (
				AAB4691A1CF83DE400B828ED /* PBXTargetDependency */,
			);
			name = DLTabBarControllerDemoUITests;
			productName = DLTabBarControllerDemoUITests;
			productReference = AAB469181CF83DE400B828ED /* DLTabBarControllerDemoUITests.xctest */;
			productType = "com.apple.product-type.bundle.ui-testing";
		};
/* End PBXNativeTarget section */

/* Begin PBXProject section */
		AAB468EC1CF83DE400B828ED /* Project object */ = {
			isa = PBXProject;
			attributes = {
				LastUpgradeCheck = 0730;
				ORGANIZATIONNAME = FT_David;
				TargetAttributes = {
					AAB468F31CF83DE400B828ED = {
						CreatedOnToolsVersion = 7.3.1;
					};
					AAB4690C1CF83DE400B828ED = {
						CreatedOnToolsVersion = 7.3.1;
						TestTargetID = AAB468F31CF83DE400B828ED;
					};
					AAB469171CF83DE400B828ED = {
						CreatedOnToolsVersion = 7.3.1;
						TestTargetID = AAB468F31CF83DE400B828ED;
					};
				};
			};
			buildConfigurationList = AAB468EF1CF83DE400B828ED /* Build configuration list for PBXProject "DLTabBarControllerDemo" */;
			compatibilityVersion = "Xcode 3.2";
			developmentRegion = English;
			hasScannedForEncodings = 0;
			knownRegions = (
				en,
				Base,
			);
			mainGroup = AAB468EB1CF83DE400B828ED;
			productRefGroup = AAB468F51CF83DE400B828ED /* Products */;
			projectDirPath = "";
			projectRoot = "";
			targets = (
				AAB468F31CF83DE400B828ED /* DLTabBarControllerDemo */,
				AAB4690C1CF83DE400B828ED /* DLTabBarControllerDemoTests */,
				AAB469171CF83DE400B828ED /* DLTabBarControllerDemoUITests */,
			);
		};
/* End PBXProject section */

/* Begin PBXResourcesBuildPhase section */
		AAB468F21CF83DE400B828ED /* Resources */ = {
			isa = PBXResourcesBuildPhase;
			buildActionMask = 2147483647;
			files = (
				AAB469581CF8456E00B828ED /* music.bundle in Resources */,
				AAB469071CF83DE400B828ED /* LaunchScreen.storyboard in Resources */,
				AAB469041CF83DE400B828ED /* Assets.xcassets in Resources */,
				AAB469021CF83DE400B828ED /* Main.storyboard in Resources */,
				AAB469571CF8456E00B828ED /* images.bundle in Resources */,
			);
			runOnlyForDeploymentPostprocessing = 0;
		};
		AAB4690B1CF83DE400B828ED /* Resources */ = {
			isa = PBXResourcesBuildPhase;
			buildActionMask = 2147483647;
			files = (
			);
			runOnlyForDeploymentPostprocessing = 0;
		};
		AAB469161CF83DE400B828ED /* Resources */ = {
			isa = PBXResourcesBuildPhase;
			buildActionMask = 2147483647;
			files = (
			);
			runOnlyForDeploymentPostprocessing = 0;
		};
/* End PBXResourcesBuildPhase section */

/* Begin PBXSourcesBuildPhase section */
		AAB468F01CF83DE400B828ED /* Sources */ = {
			isa = PBXSourcesBuildPhase;
			buildActionMask = 2147483647;
			files = (
				AAB469341CF8438E00B828ED /* UIView+Extension.m in Sources */,
				AAB468FF1CF83DE400B828ED /* ViewController.m in Sources */,
				AAB4695A1CF8456E00B828ED /* UIImage+BHBEffects.m in Sources */,
				AAB469511CF8456E00B828ED /* BHBCenterView.m in Sources */,
				AAB469561CF8456E00B828ED /* BHBPopView.m in Sources */,
				AAB4692E1CF8411B00B828ED /* DLTabBar.m in Sources */,
				AAB4695B1CF8456E00B828ED /* UIImageView+BHBSetImage.m in Sources */,
				AAB469541CF8456E00B828ED /* BHBItem.m in Sources */,
				AAB469531CF8456E00B828ED /* BHBGroup.m in Sources */,
				AAB4695C1CF8456E00B828ED /* UIView+BHBAnimation.m in Sources */,
				AAB469591CF8456E00B828ED /* UIButton+BHBSetImage.m in Sources */,
				AAB468FC1CF83DE400B828ED /* AppDelegate.m in Sources */,
				AAB469521CF8456E00B828ED /* BHBCustomBtn.m in Sources */,
				AAB468F91CF83DE400B828ED /* main.m in Sources */,
				AAB469501CF8456E00B828ED /* BHBBottomBar.m in Sources */,
				AAB469551CF8456E00B828ED /* BHBPlaySoundTool.m in Sources */,
				AAB469311CF8413900B828ED /* DLTabBarController.m in Sources */,
			);
			runOnlyForDeploymentPostprocessing = 0;
		};
		AAB469091CF83DE400B828ED /* Sources */ = {
			isa = PBXSourcesBuildPhase;
			buildActionMask = 2147483647;
			files = (
				AAB469121CF83DE400B828ED /* DLTabBarControllerDemoTests.m in Sources */,
			);
			runOnlyForDeploymentPostprocessing = 0;
		};
		AAB469141CF83DE400B828ED /* Sources */ = {
			isa = PBXSourcesBuildPhase;
			buildActionMask = 2147483647;
			files = (
				AAB4691D1CF83DE400B828ED /* DLTabBarControllerDemoUITests.m in Sources */,
			);
			runOnlyForDeploymentPostprocessing = 0;
		};
/* End PBXSourcesBuildPhase section */

/* Begin PBXTargetDependency section */
		AAB4690F1CF83DE400B828ED /* PBXTargetDependency */ = {
			isa = PBXTargetDependency;
			target = AAB468F31CF83DE400B828ED /* DLTabBarControllerDemo */;
			targetProxy = AAB4690E1CF83DE400B828ED /* PBXContainerItemProxy */;
		};
		AAB4691A1CF83DE400B828ED /* PBXTargetDependency */ = {
			isa = PBXTargetDependency;
			target = AAB468F31CF83DE400B828ED /* DLTabBarControllerDemo */;
			targetProxy = AAB469191CF83DE400B828ED /* PBXContainerItemProxy */;
		};
/* End PBXTargetDependency section */

/* Begin PBXVariantGroup section */
		AAB469001CF83DE400B828ED /* Main.storyboard */ = {
			isa = PBXVariantGroup;
			children = (
				AAB469011CF83DE400B828ED /* Base */,
			);
			name = Main.storyboard;
			sourceTree = "<group>";
		};
		AAB469051CF83DE400B828ED /* LaunchScreen.storyboard */ = {
			isa = PBXVariantGroup;
			children = (
				AAB469061CF83DE400B828ED /* Base */,
			);
			name = LaunchScreen.storyboard;
			sourceTree = "<group>";
		};
/* End PBXVariantGroup section */

/* Begin XCBuildConfiguration section */
		AAB4691F1CF83DE400B828ED /* Debug */ = {
			isa = XCBuildConfiguration;
			buildSettings = {
				ALWAYS_SEARCH_USER_PATHS = NO;
				CLANG_ANALYZER_NONNULL = YES;
				CLANG_CXX_LANGUAGE_STANDARD = "gnu++0x";
				CLANG_CXX_LIBRARY = "libc++";
				CLANG_ENABLE_MODULES = YES;
				CLANG_ENABLE_OBJC_ARC = YES;
				CLANG_WARN_BOOL_CONVERSION = YES;
				CLANG_WARN_CONSTANT_CONVERSION = YES;
				CLANG_WARN_DIRECT_OBJC_ISA_USAGE = YES_ERROR;
				CLANG_WARN_EMPTY_BODY = YES;
				CLANG_WARN_ENUM_CONVERSION = YES;
				CLANG_WARN_INT_CONVERSION = YES;
				CLANG_WARN_OBJC_ROOT_CLASS = YES_ERROR;
				CLANG_WARN_UNREACHABLE_CODE = YES;
				CLANG_WARN__DUPLICATE_METHOD_MATCH = YES;
				"CODE_SIGN_IDENTITY[sdk=iphoneos*]" = "iPhone Developer";
				COPY_PHASE_STRIP = NO;
				DEBUG_INFORMATION_FORMAT = dwarf;
				ENABLE_STRICT_OBJC_MSGSEND = YES;
				ENABLE_TESTABILITY = YES;
				GCC_C_LANGUAGE_STANDARD = gnu99;
				GCC_DYNAMIC_NO_PIC = NO;
				GCC_NO_COMMON_BLOCKS = YES;
				GCC_OPTIMIZATION_LEVEL = 0;
				GCC_PREPROCESSOR_DEFINITIONS = (
					"DEBUG=1",
					"$(inherited)",
				);
				GCC_WARN_64_TO_32_BIT_CONVERSION = YES;
				GCC_WARN_ABOUT_RETURN_TYPE = YES_ERROR;
				GCC_WARN_UNDECLARED_SELECTOR = YES;
				GCC_WARN_UNINITIALIZED_AUTOS = YES_AGGRESSIVE;
				GCC_WARN_UNUSED_FUNCTION = YES;
				GCC_WARN_UNUSED_VARIABLE = YES;
				IPHONEOS_DEPLOYMENT_TARGET = 9.3;
				MTL_ENABLE_DEBUG_INFO = YES;
				ONLY_ACTIVE_ARCH = YES;
				SDKROOT = iphoneos;
			};
			name = Debug;
		};
		AAB469201CF83DE400B828ED /* Release */ = {
			isa = XCBuildConfiguration;
			buildSettings = {
				ALWAYS_SEARCH_USER_PATHS = NO;
				CLANG_ANALYZER_NONNULL = YES;
				CLANG_CXX_LANGUAGE_STANDARD = "gnu++0x";
				CLANG_CXX_LIBRARY = "libc++";
				CLANG_ENABLE_MODULES = YES;
				CLANG_ENABLE_OBJC_ARC = YES;
				CLANG_WARN_BOOL_CONVERSION = YES;
				CLANG_WARN_CONSTANT_CONVERSION = YES;
				CLANG_WARN_DIRECT_OBJC_ISA_USAGE = YES_ERROR;
				CLANG_WARN_EMPTY_BODY = YES;
				CLANG_WARN_ENUM_CONVERSION = YES;
				CLANG_WARN_INT_CONVERSION = YES;
				CLANG_WARN_OBJC_ROOT_CLASS = YES_ERROR;
				CLANG_WARN_UNREACHABLE_CODE = YES;
				CLANG_WARN__DUPLICATE_METHOD_MATCH = YES;
				"CODE_SIGN_IDENTITY[sdk=iphoneos*]" = "iPhone Developer";
				COPY_PHASE_STRIP = NO;
				DEBUG_INFORMATION_FORMAT = "dwarf-with-dsym";
				ENABLE_NS_ASSERTIONS = NO;
				ENABLE_STRICT_OBJC_MSGSEND = YES;
				GCC_C_LANGUAGE_STANDARD = gnu99;
				GCC_NO_COMMON_BLOCKS = YES;
				GCC_WARN_64_TO_32_BIT_CONVERSION = YES;
				GCC_WARN_ABOUT_RETURN_TYPE = YES_ERROR;
				GCC_WARN_UNDECLARED_SELECTOR = YES;
				GCC_WARN_UNINITIALIZED_AUTOS = YES_AGGRESSIVE;
				GCC_WARN_UNUSED_FUNCTION = YES;
				GCC_WARN_UNUSED_VARIABLE = YES;
				IPHONEOS_DEPLOYMENT_TARGET = 9.3;
				MTL_ENABLE_DEBUG_INFO = NO;
				SDKROOT = iphoneos;
				VALIDATE_PRODUCT = YES;
			};
			name = Release;
		};
		AAB469221CF83DE400B828ED /* Debug */ = {
			isa = XCBuildConfiguration;
			buildSettings = {
				ASSETCATALOG_COMPILER_APPICON_NAME = AppIcon;
				INFOPLIST_FILE = DLTabBarControllerDemo/Info.plist;
				IPHONEOS_DEPLOYMENT_TARGET = 8.0;
				LD_RUNPATH_SEARCH_PATHS = "$(inherited) @executable_path/Frameworks";
				PRODUCT_BUNDLE_IDENTIFIER = com.dl.demo.DLTabBarControllerDemo;
				PRODUCT_NAME = "$(TARGET_NAME)";
			};
			name = Debug;
		};
		AAB469231CF83DE400B828ED /* Release */ = {
			isa = XCBuildConfiguration;
			buildSettings = {
				ASSETCATALOG_COMPILER_APPICON_NAME = AppIcon;
				INFOPLIST_FILE = DLTabBarControllerDemo/Info.plist;
				IPHONEOS_DEPLOYMENT_TARGET = 8.0;
				LD_RUNPATH_SEARCH_PATHS = "$(inherited) @executable_path/Frameworks";
				PRODUCT_BUNDLE_IDENTIFIER = com.dl.demo.DLTabBarControllerDemo;
				PRODUCT_NAME = "$(TARGET_NAME)";
			};
			name = Release;
		};
		AAB469251CF83DE400B828ED /* Debug */ = {
			isa = XCBuildConfiguration;
			buildSettings = {
				BUNDLE_LOADER = "$(TEST_HOST)";
				INFOPLIST_FILE = DLTabBarControllerDemoTests/Info.plist;
				LD_RUNPATH_SEARCH_PATHS = "$(inherited) @executable_path/Frameworks @loader_path/Frameworks";
				PRODUCT_BUNDLE_IDENTIFIER = com.dl.demo.DLTabBarControllerDemoTests;
				PRODUCT_NAME = "$(TARGET_NAME)";
				TEST_HOST = "$(BUILT_PRODUCTS_DIR)/DLTabBarControllerDemo.app/DLTabBarControllerDemo";
			};
			name = Debug;
		};
		AAB469261CF83DE400B828ED /* Release */ = {
			isa = XCBuildConfiguration;
			buildSettings = {
				BUNDLE_LOADER = "$(TEST_HOST)";
				INFOPLIST_FILE = DLTabBarControllerDemoTests/Info.plist;
				LD_RUNPATH_SEARCH_PATHS = "$(inherited) @executable_path/Frameworks @loader_path/Frameworks";
				PRODUCT_BUNDLE_IDENTIFIER = com.dl.demo.DLTabBarControllerDemoTests;
				PRODUCT_NAME = "$(TARGET_NAME)";
				TEST_HOST = "$(BUILT_PRODUCTS_DIR)/DLTabBarControllerDemo.app/DLTabBarControllerDemo";
			};
			name = Release;
		};
		AAB469281CF83DE400B828ED /* Debug */ = {
			isa = XCBuildConfiguration;
			buildSettings = {
				INFOPLIST_FILE = DLTabBarControllerDemoUITests/Info.plist;
				LD_RUNPATH_SEARCH_PATHS = "$(inherited) @executable_path/Frameworks @loader_path/Frameworks";
				PRODUCT_BUNDLE_IDENTIFIER = com.dl.demo.DLTabBarControllerDemoUITests;
				PRODUCT_NAME = "$(TARGET_NAME)";
				TEST_TARGET_NAME = DLTabBarControllerDemo;
			};
			name = Debug;
		};
		AAB469291CF83DE400B828ED /* Release */ = {
			isa = XCBuildConfiguration;
			buildSettings = {
				INFOPLIST_FILE = DLTabBarControllerDemoUITests/Info.plist;
				LD_RUNPATH_SEARCH_PATHS = "$(inherited) @executable_path/Frameworks @loader_path/Frameworks";
				PRODUCT_BUNDLE_IDENTIFIER = com.dl.demo.DLTabBarControllerDemoUITests;
				PRODUCT_NAME = "$(TARGET_NAME)";
				TEST_TARGET_NAME = DLTabBarControllerDemo;
			};
			name = Release;
		};
/* End XCBuildConfiguration section */

/* Begin XCConfigurationList section */
		AAB468EF1CF83DE400B828ED /* Build configuration list for PBXProject "DLTabBarControllerDemo" */ = {
			isa = XCConfigurationList;
			buildConfigurations = (
				AAB4691F1CF83DE400B828ED /* Debug */,
				AAB469201CF83DE400B828ED /* Release */,
			);
			defaultConfigurationIsVisible = 0;
			defaultConfigurationName = Release;
		};
		AAB469211CF83DE400B828ED /* Build configuration list for PBXNativeTarget "DLTabBarControllerDemo" */ = {
			isa = XCConfigurationList;
			buildConfigurations = (
				AAB469221CF83DE400B828ED /* Debug */,
				AAB469231CF83DE400B828ED /* Release */,
			);
			defaultConfigurationIsVisible = 0;
		};
		AAB469241CF83DE400B828ED /* Build configuration list for PBXNativeTarget "DLTabBarControllerDemoTests" */ = {
			isa = XCConfigurationList;
			buildConfigurations = (
				AAB469251CF83DE400B828ED /* Debug */,
				AAB469261CF83DE400B828ED /* Release */,
			);
			defaultConfigurationIsVisible = 0;
		};
		AAB469271CF83DE400B828ED /* Build configuration list for PBXNativeTarget "DLTabBarControllerDemoUITests" */ = {
			isa = XCConfigurationList;
			buildConfigurations = (
				AAB469281CF83DE400B828ED /* Debug */,
				AAB469291CF83DE400B828ED /* Release */,
			);
			defaultConfigurationIsVisible = 0;
		};
/* End XCConfigurationList section */
	};
	rootObject = AAB468EC1CF83DE400B828ED /* Project object */;
}
