// !$*UTF8*$!
{
	archiveVersion = 1;
	classes = {
	};
	objectVersion = 46;
	objects = {

/* Begin PBXBuildFile section */
		F71CD43F1C993FDC00B94F6F /* BHBGroup.m in Sources */ = {isa = PBXBuildFile; fileRef = F71CD43E1C993FDC00B94F6F /* BHBGroup.m */; };
		F74F04BC1B7EE92600B5747B /* UIImageView+BHBSetImage.m in Sources */ = {isa = PBXBuildFile; fileRef = F74F04BB1B7EE92600B5747B /* UIImageView+BHBSetImage.m */; };
		F74F04BF1B7F3E5100B5747B /* BHBBottomBar.m in Sources */ = {isa = PBXBuildFile; fileRef = F74F04BE1B7F3E5100B5747B /* BHBBottomBar.m */; };
		F74F04C21B7F400700B5747B /* BHBPlaySoundTool.m in Sources */ = {isa = PBXBuildFile; fileRef = F74F04C11B7F400700B5747B /* BHBPlaySoundTool.m */; };
		F74F04C91B7F78A000B5747B /* UIButton+BHBSetImage.m in Sources */ = {isa = PBXBuildFile; fileRef = F74F04C81B7F78A000B5747B /* UIButton+BHBSetImage.m */; };
		F74F04CC1B7F872200B5747B /* BHBCustomBtn.m in Sources */ = {isa = PBXBuildFile; fileRef = F74F04CB1B7F872200B5747B /* BHBCustomBtn.m */; };
		F74F04CF1B7F95BD00B5747B /* BHBCenterView.m in Sources */ = {isa = PBXBuildFile; fileRef = F74F04CE1B7F95BD00B5747B /* BHBCenterView.m */; };
		F74F04D21B801FBD00B5747B /* BHBItem.m in Sources */ = {isa = PBXBuildFile; fileRef = F74F04D11B801FBD00B5747B /* BHBItem.m */; };
		F755023B1B7E146C00DD6A40 /* main.m in Sources */ = {isa = PBXBuildFile; fileRef = F755023A1B7E146C00DD6A40 /* main.m */; };
		F755023E1B7E146C00DD6A40 /* AppDelegate.m in Sources */ = {isa = PBXBuildFile; fileRef = F755023D1B7E146C00DD6A40 /* AppDelegate.m */; };
		F75502411B7E146C00DD6A40 /* ViewController.m in Sources */ = {isa = PBXBuildFile; fileRef = F75502401B7E146C00DD6A40 /* ViewController.m */; };
		F75502441B7E146C00DD6A40 /* Main.storyboard in Resources */ = {isa = PBXBuildFile; fileRef = F75502421B7E146C00DD6A40 /* Main.storyboard */; };
		F75502461B7E146C00DD6A40 /* Images.xcassets in Resources */ = {isa = PBXBuildFile; fileRef = F75502451B7E146C00DD6A40 /* Images.xcassets */; };
		F75502491B7E146C00DD6A40 /* LaunchScreen.xib in Resources */ = {isa = PBXBuildFile; fileRef = F75502471B7E146C00DD6A40 /* LaunchScreen.xib */; };
		F75502551B7E146C00DD6A40 /* BHBPopViewDemoTests.m in Sources */ = {isa = PBXBuildFile; fileRef = F75502541B7E146C00DD6A40 /* BHBPopViewDemoTests.m */; };
		F75502621B7E148600DD6A40 /* images.bundle in Resources */ = {isa = PBXBuildFile; fileRef = F75502601B7E148600DD6A40 /* images.bundle */; };
		F75502631B7E148600DD6A40 /* music.bundle in Resources */ = {isa = PBXBuildFile; fileRef = F75502611B7E148600DD6A40 /* music.bundle */; };
		F784CC1C1B7E21DC0092AD64 /* BHBPopView.m in Sources */ = {isa = PBXBuildFile; fileRef = F784CC1B1B7E21DC0092AD64 /* BHBPopView.m */; };
		F784CC221B7ED0FA0092AD64 /* UIImage+BHBEffects.m in Sources */ = {isa = PBXBuildFile; fileRef = F784CC211B7ED0FA0092AD64 /* UIImage+BHBEffects.m */; };
		F784CC251B7ED8DE0092AD64 /* UIView+BHBAnimation.m in Sources */ = {isa = PBXBuildFile; fileRef = F784CC241B7ED8DE0092AD64 /* UIView+BHBAnimation.m */; };
/* End PBXBuildFile section */

/* Begin PBXContainerItemProxy section */
		F755024F1B7E146C00DD6A40 /* PBXContainerItemProxy */ = {
			isa = PBXContainerItemProxy;
			containerPortal = F755022D1B7E146C00DD6A40 /* Project object */;
			proxyType = 1;
			remoteGlobalIDString = F75502341B7E146C00DD6A40;
			remoteInfo = BHBPopViewDemo;
		};
/* End PBXContainerItemProxy section */

/* Begin PBXFileReference section */
		F71CD43D1C993FDC00B94F6F /* BHBGroup.h */ = {isa = PBXFileReference; fileEncoding = 4; lastKnownFileType = sourcecode.c.h; path = BHBGroup.h; sourceTree = "<group>"; };
		F71CD43E1C993FDC00B94F6F /* BHBGroup.m */ = {isa = PBXFileReference; fileEncoding = 4; lastKnownFileType = sourcecode.c.objc; path = BHBGroup.m; sourceTree = "<group>"; };
		F74F04BA1B7EE92600B5747B /* UIImageView+BHBSetImage.h */ = {isa = PBXFileReference; fileEncoding = 4; lastKnownFileType = sourcecode.c.h; path = "UIImageView+BHBSetImage.h"; sourceTree = "<group>"; };
		F74F04BB1B7EE92600B5747B /* UIImageView+BHBSetImage.m */ = {isa = PBXFileReference; fileEncoding = 4; lastKnownFileType = sourcecode.c.objc; path = "UIImageView+BHBSetImage.m"; sourceTree = "<group>"; };
		F74F04BD1B7F3E5100B5747B /* BHBBottomBar.h */ = {isa = PBXFileReference; fileEncoding = 4; lastKnownFileType = sourcecode.c.h; path = BHBBottomBar.h; sourceTree = "<group>"; };
		F74F04BE1B7F3E5100B5747B /* BHBBottomBar.m */ = {isa = PBXFileReference; fileEncoding = 4; lastKnownFileType = sourcecode.c.objc; path = BHBBottomBar.m; sourceTree = "<group>"; };
		F74F04C01B7F400700B5747B /* BHBPlaySoundTool.h */ = {isa = PBXFileReference; fileEncoding = 4; lastKnownFileType = sourcecode.c.h; path = BHBPlaySoundTool.h; sourceTree = "<group>"; };
		F74F04C11B7F400700B5747B /* BHBPlaySoundTool.m */ = {isa = PBXFileReference; fileEncoding = 4; lastKnownFileType = sourcecode.c.objc; path = BHBPlaySoundTool.m; sourceTree = "<group>"; };
		F74F04C31B7F40EB00B5747B /* BHBSingleton.h */ = {isa = PBXFileReference; lastKnownFileType = sourcecode.c.h; path = BHBSingleton.h; sourceTree = "<group>"; };
		F74F04C71B7F78A000B5747B /* UIButton+BHBSetImage.h */ = {isa = PBXFileReference; fileEncoding = 4; lastKnownFileType = sourcecode.c.h; path = "UIButton+BHBSetImage.h"; sourceTree = "<group>"; };
		F74F04C81B7F78A000B5747B /* UIButton+BHBSetImage.m */ = {isa = PBXFileReference; fileEncoding = 4; lastKnownFileType = sourcecode.c.objc; path = "UIButton+BHBSetImage.m"; sourceTree = "<group>"; };
		F74F04CA1B7F872200B5747B /* BHBCustomBtn.h */ = {isa = PBXFileReference; fileEncoding = 4; lastKnownFileType = sourcecode.c.h; path = BHBCustomBtn.h; sourceTree = "<group>"; };
		F74F04CB1B7F872200B5747B /* BHBCustomBtn.m */ = {isa = PBXFileReference; fileEncoding = 4; lastKnownFileType = sourcecode.c.objc; path = BHBCustomBtn.m; sourceTree = "<group>"; };
		F74F04CD1B7F95BD00B5747B /* BHBCenterView.h */ = {isa = PBXFileReference; fileEncoding = 4; lastKnownFileType = sourcecode.c.h; path = BHBCenterView.h; sourceTree = "<group>"; };
		F74F04CE1B7F95BD00B5747B /* BHBCenterView.m */ = {isa = PBXFileReference; fileEncoding = 4; lastKnownFileType = sourcecode.c.objc; path = BHBCenterView.m; sourceTree = "<group>"; };
		F74F04D01B801FBD00B5747B /* BHBItem.h */ = {isa = PBXFileReference; fileEncoding = 4; lastKnownFileType = sourcecode.c.h; path = BHBItem.h; sourceTree = "<group>"; };
		F74F04D11B801FBD00B5747B /* BHBItem.m */ = {isa = PBXFileReference; fileEncoding = 4; lastKnownFileType = sourcecode.c.objc; path = BHBItem.m; sourceTree = "<group>"; };
		F75502351B7E146C00DD6A40 /* BHBPopViewDemo.app */ = {isa = PBXFileReference; explicitFileType = wrapper.application; includeInIndex = 0; path = BHBPopViewDemo.app; sourceTree = BUILT_PRODUCTS_DIR; };
		F75502391B7E146C00DD6A40 /* Info.plist */ = {isa = PBXFileReference; lastKnownFileType = text.plist.xml; path = Info.plist; sourceTree = "<group>"; };
		F755023A1B7E146C00DD6A40 /* main.m */ = {isa = PBXFileReference; lastKnownFileType = sourcecode.c.objc; path = main.m; sourceTree = "<group>"; };
		F755023C1B7E146C00DD6A40 /* AppDelegate.h */ = {isa = PBXFileReference; lastKnownFileType = sourcecode.c.h; path = AppDelegate.h; sourceTree = "<group>"; };
		F755023D1B7E146C00DD6A40 /* AppDelegate.m */ = {isa = PBXFileReference; lastKnownFileType = sourcecode.c.objc; path = AppDelegate.m; sourceTree = "<group>"; };
		F755023F1B7E146C00DD6A40 /* ViewController.h */ = {isa = PBXFileReference; lastKnownFileType = sourcecode.c.h; path = ViewController.h; sourceTree = "<group>"; };
		F75502401B7E146C00DD6A40 /* ViewController.m */ = {isa = PBXFileReference; lastKnownFileType = sourcecode.c.objc; path = ViewController.m; sourceTree = "<group>"; };
		F75502431B7E146C00DD6A40 /* Base */ = {isa = PBXFileReference; lastKnownFileType = file.storyboard; name = Base; path = Base.lproj/Main.storyboard; sourceTree = "<group>"; };
		F75502451B7E146C00DD6A40 /* Images.xcassets */ = {isa = PBXFileReference; lastKnownFileType = folder.assetcatalog; path = Images.xcassets; sourceTree = "<group>"; };
		F75502481B7E146C00DD6A40 /* Base */ = {isa = PBXFileReference; lastKnownFileType = file.xib; name = Base; path = Base.lproj/LaunchScreen.xib; sourceTree = "<group>"; };
		F755024E1B7E146C00DD6A40 /* BHBPopViewDemoTests.xctest */ = {isa = PBXFileReference; explicitFileType = wrapper.cfbundle; includeInIndex = 0; path = BHBPopViewDemoTests.xctest; sourceTree = BUILT_PRODUCTS_DIR; };
		F75502531B7E146C00DD6A40 /* Info.plist */ = {isa = PBXFileReference; lastKnownFileType = text.plist.xml; path = Info.plist; sourceTree = "<group>"; };
		F75502541B7E146C00DD6A40 /* BHBPopViewDemoTests.m */ = {isa = PBXFileReference; lastKnownFileType = sourcecode.c.objc; path = BHBPopViewDemoTests.m; sourceTree = "<group>"; };
		F75502601B7E148600DD6A40 /* images.bundle */ = {isa = PBXFileReference; lastKnownFileType = "wrapper.plug-in"; path = images.bundle; sourceTree = "<group>"; };
		F75502611B7E148600DD6A40 /* music.bundle */ = {isa = PBXFileReference; lastKnownFileType = "wrapper.plug-in"; path = music.bundle; sourceTree = "<group>"; };
		F784CC1A1B7E21DC0092AD64 /* BHBPopView.h */ = {isa = PBXFileReference; fileEncoding = 4; lastKnownFileType = sourcecode.c.h; path = BHBPopView.h; sourceTree = "<group>"; };
		F784CC1B1B7E21DC0092AD64 /* BHBPopView.m */ = {isa = PBXFileReference; fileEncoding = 4; lastKnownFileType = sourcecode.c.objc; path = BHBPopView.m; sourceTree = "<group>"; };
		F784CC201B7ED0FA0092AD64 /* UIImage+BHBEffects.h */ = {isa = PBXFileReference; fileEncoding = 4; lastKnownFileType = sourcecode.c.h; path = "UIImage+BHBEffects.h"; sourceTree = "<group>"; };
		F784CC211B7ED0FA0092AD64 /* UIImage+BHBEffects.m */ = {isa = PBXFileReference; fileEncoding = 4; lastKnownFileType = sourcecode.c.objc; path = "UIImage+BHBEffects.m"; sourceTree = "<group>"; };
		F784CC231B7ED8DE0092AD64 /* UIView+BHBAnimation.h */ = {isa = PBXFileReference; fileEncoding = 4; lastKnownFileType = sourcecode.c.h; path = "UIView+BHBAnimation.h"; sourceTree = "<group>"; };
		F784CC241B7ED8DE0092AD64 /* UIView+BHBAnimation.m */ = {isa = PBXFileReference; fileEncoding = 4; lastKnownFileType = sourcecode.c.objc; path = "UIView+BHBAnimation.m"; sourceTree = "<group>"; };
/* End PBXFileReference section */

/* Begin PBXFrameworksBuildPhase section */
		F75502321B7E146C00DD6A40 /* Frameworks */ = {
			isa = PBXFrameworksBuildPhase;
			buildActionMask = 2147483647;
			files = (
			);
			runOnlyForDeploymentPostprocessing = 0;
		};
		F755024B1B7E146C00DD6A40 /* Frameworks */ = {
			isa = PBXFrameworksBuildPhase;
			buildActionMask = 2147483647;
			files = (
			);
			runOnlyForDeploymentPostprocessing = 0;
		};
/* End PBXFrameworksBuildPhase section */

/* Begin PBXGroup section */
		F755022C1B7E146C00DD6A40 = {
			isa = PBXGroup;
			children = (
				F75502371B7E146C00DD6A40 /* BHBPopViewDemo */,
				F75502511B7E146C00DD6A40 /* BHBPopViewDemoTests */,
				F75502361B7E146C00DD6A40 /* Products */,
			);
			sourceTree = "<group>";
		};
		F75502361B7E146C00DD6A40 /* Products */ = {
			isa = PBXGroup;
			children = (
				F75502351B7E146C00DD6A40 /* BHBPopViewDemo.app */,
				F755024E1B7E146C00DD6A40 /* BHBPopViewDemoTests.xctest */,
			);
			name = Products;
			sourceTree = "<group>";
		};
		F75502371B7E146C00DD6A40 /* BHBPopViewDemo */ = {
			isa = PBXGroup;
			children = (
				F755025E1B7E148600DD6A40 /* BHBPopView */,
				F755023C1B7E146C00DD6A40 /* AppDelegate.h */,
				F755023D1B7E146C00DD6A40 /* AppDelegate.m */,
				F755023F1B7E146C00DD6A40 /* ViewController.h */,
				F75502401B7E146C00DD6A40 /* ViewController.m */,
				F75502421B7E146C00DD6A40 /* Main.storyboard */,
				F75502451B7E146C00DD6A40 /* Images.xcassets */,
				F75502471B7E146C00DD6A40 /* LaunchScreen.xib */,
				F75502381B7E146C00DD6A40 /* Supporting Files */,
			);
			path = BHBPopViewDemo;
			sourceTree = "<group>";
		};
		F75502381B7E146C00DD6A40 /* Supporting Files */ = {
			isa = PBXGroup;
			children = (
				F75502391B7E146C00DD6A40 /* Info.plist */,
				F755023A1B7E146C00DD6A40 /* main.m */,
			);
			name = "Supporting Files";
			sourceTree = "<group>";
		};
		F75502511B7E146C00DD6A40 /* BHBPopViewDemoTests */ = {
			isa = PBXGroup;
			children = (
				F75502541B7E146C00DD6A40 /* BHBPopViewDemoTests.m */,
				F75502521B7E146C00DD6A40 /* Supporting Files */,
			);
			path = BHBPopViewDemoTests;
			sourceTree = "<group>";
		};
		F75502521B7E146C00DD6A40 /* Supporting Files */ = {
			isa = PBXGroup;
			children = (
				F75502531B7E146C00DD6A40 /* Info.plist */,
			);
			name = "Supporting Files";
			sourceTree = "<group>";
		};
		F755025E1B7E148600DD6A40 /* BHBPopView */ = {
			isa = PBXGroup;
			children = (
				F755025F1B7E148600DD6A40 /* Resource */,
				F784CC1A1B7E21DC0092AD64 /* BHBPopView.h */,
				F784CC1B1B7E21DC0092AD64 /* BHBPopView.m */,
				F74F04BD1B7F3E5100B5747B /* BHBBottomBar.h */,
				F74F04BE1B7F3E5100B5747B /* BHBBottomBar.m */,
				F74F04CD1B7F95BD00B5747B /* BHBCenterView.h */,
				F74F04CE1B7F95BD00B5747B /* BHBCenterView.m */,
				F74F04D01B801FBD00B5747B /* BHBItem.h */,
				F74F04D11B801FBD00B5747B /* BHBItem.m */,
				F71CD43D1C993FDC00B94F6F /* BHBGroup.h */,
				F71CD43E1C993FDC00B94F6F /* BHBGroup.m */,
				F74F04CA1B7F872200B5747B /* BHBCustomBtn.h */,
				F74F04CB1B7F872200B5747B /* BHBCustomBtn.m */,
				F74F04C01B7F400700B5747B /* BHBPlaySoundTool.h */,
				F74F04C11B7F400700B5747B /* BHBPlaySoundTool.m */,
				F784CC201B7ED0FA0092AD64 /* UIImage+BHBEffects.h */,
				F784CC211B7ED0FA0092AD64 /* UIImage+BHBEffects.m */,
				F784CC231B7ED8DE0092AD64 /* UIView+BHBAnimation.h */,
				F784CC241B7ED8DE0092AD64 /* UIView+BHBAnimation.m */,
				F74F04BA1B7EE92600B5747B /* UIImageView+BHBSetImage.h */,
				F74F04BB1B7EE92600B5747B /* UIImageView+BHBSetImage.m */,
				F74F04C31B7F40EB00B5747B /* BHBSingleton.h */,
				F74F04C71B7F78A000B5747B /* UIButton+BHBSetImage.h */,
				F74F04C81B7F78A000B5747B /* UIButton+BHBSetImage.m */,
			);
			path = BHBPopView;
			sourceTree = "<group>";
		};
		F755025F1B7E148600DD6A40 /* Resource */ = {
			isa = PBXGroup;
			children = (
				F75502601B7E148600DD6A40 /* images.bundle */,
				F75502611B7E148600DD6A40 /* music.bundle */,
			);
			path = Resource;
			sourceTree = "<group>";
		};
/* End PBXGroup section */

/* Begin PBXNativeTarget section */
		F75502341B7E146C00DD6A40 /* BHBPopViewDemo */ = {
			isa = PBXNativeTarget;
			buildConfigurationList = F75502581B7E146C00DD6A40 /* Build configuration list for PBXNativeTarget "BHBPopViewDemo" */;
			buildPhases = (
				F75502311B7E146C00DD6A40 /* Sources */,
				F75502321B7E146C00DD6A40 /* Frameworks */,
				F75502331B7E146C00DD6A40 /* Resources */,
			);
			buildRules = (
			);
			dependencies = (
			);
			name = BHBPopViewDemo;
			productName = BHBPopViewDemo;
			productReference = F75502351B7E146C00DD6A40 /* BHBPopViewDemo.app */;
			productType = "com.apple.product-type.application";
		};
		F755024D1B7E146C00DD6A40 /* BHBPopViewDemoTests */ = {
			isa = PBXNativeTarget;
			buildConfigurationList = F755025B1B7E146C00DD6A40 /* Build configuration list for PBXNativeTarget "BHBPopViewDemoTests" */;
			buildPhases = (
				F755024A1B7E146C00DD6A40 /* Sources */,
				F755024B1B7E146C00DD6A40 /* Frameworks */,
				F755024C1B7E146C00DD6A40 /* Resources */,
			);
			buildRules = (
			);
			dependencies = (
				F75502501B7E146C00DD6A40 /* PBXTargetDependency */,
			);
			name = BHBPopViewDemoTests;
			productName = BHBPopViewDemoTests;
			productReference = F755024E1B7E146C00DD6A40 /* BHBPopViewDemoTests.xctest */;
			productType = "com.apple.product-type.bundle.unit-test";
		};
/* End PBXNativeTarget section */

/* Begin PBXProject section */
		F755022D1B7E146C00DD6A40 /* Project object */ = {
			isa = PBXProject;
			attributes = {
				LastUpgradeCheck = 0640;
				ORGANIZATIONNAME = "毕洪博";
				TargetAttributes = {
					F75502341B7E146C00DD6A40 = {
						CreatedOnToolsVersion = 6.4;
					};
					F755024D1B7E146C00DD6A40 = {
						CreatedOnToolsVersion = 6.4;
						TestTargetID = F75502341B7E146C00DD6A40;
					};
				};
			};
			buildConfigurationList = F75502301B7E146C00DD6A40 /* Build configuration list for PBXProject "BHBPopViewDemo" */;
			compatibilityVersion = "Xcode 3.2";
			developmentRegion = English;
			hasScannedForEncodings = 0;
			knownRegions = (
				en,
				Base,
			);
			mainGroup = F755022C1B7E146C00DD6A40;
			productRefGroup = F75502361B7E146C00DD6A40 /* Products */;
			projectDirPath = "";
			projectRoot = "";
			targets = (
				F75502341B7E146C00DD6A40 /* BHBPopViewDemo */,
				F755024D1B7E146C00DD6A40 /* BHBPopViewDemoTests */,
			);
		};
/* End PBXProject section */

/* Begin PBXResourcesBuildPhase section */
		F75502331B7E146C00DD6A40 /* Resources */ = {
			isa = PBXResourcesBuildPhase;
			buildActionMask = 2147483647;
			files = (
				F75502631B7E148600DD6A40 /* music.bundle in Resources */,
				F75502441B7E146C00DD6A40 /* Main.storyboard in Resources */,
				F75502491B7E146C00DD6A40 /* LaunchScreen.xib in Resources */,
				F75502461B7E146C00DD6A40 /* Images.xcassets in Resources */,
				F75502621B7E148600DD6A40 /* images.bundle in Resources */,
			);
			runOnlyForDeploymentPostprocessing = 0;
		};
		F755024C1B7E146C00DD6A40 /* Resources */ = {
			isa = PBXResourcesBuildPhase;
			buildActionMask = 2147483647;
			files = (
			);
			runOnlyForDeploymentPostprocessing = 0;
		};
/* End PBXResourcesBuildPhase section */

/* Begin PBXSourcesBuildPhase section */
		F75502311B7E146C00DD6A40 /* Sources */ = {
			isa = PBXSourcesBuildPhase;
			buildActionMask = 2147483647;
			files = (
				F71CD43F1C993FDC00B94F6F /* BHBGroup.m in Sources */,
				F784CC251B7ED8DE0092AD64 /* UIView+BHBAnimation.m in Sources */,
				F75502411B7E146C00DD6A40 /* ViewController.m in Sources */,
				F784CC1C1B7E21DC0092AD64 /* BHBPopView.m in Sources */,
				F784CC221B7ED0FA0092AD64 /* UIImage+BHBEffects.m in Sources */,
				F74F04C21B7F400700B5747B /* BHBPlaySoundTool.m in Sources */,
				F74F04C91B7F78A000B5747B /* UIButton+BHBSetImage.m in Sources */,
				F755023E1B7E146C00DD6A40 /* AppDelegate.m in Sources */,
				F74F04BC1B7EE92600B5747B /* UIImageView+BHBSetImage.m in Sources */,
				F755023B1B7E146C00DD6A40 /* main.m in Sources */,
				F74F04D21B801FBD00B5747B /* BHBItem.m in Sources */,
				F74F04CC1B7F872200B5747B /* BHBCustomBtn.m in Sources */,
				F74F04CF1B7F95BD00B5747B /* BHBCenterView.m in Sources */,
				F74F04BF1B7F3E5100B5747B /* BHBBottomBar.m in Sources */,
			);
			runOnlyForDeploymentPostprocessing = 0;
		};
		F755024A1B7E146C00DD6A40 /* Sources */ = {
			isa = PBXSourcesBuildPhase;
			buildActionMask = 2147483647;
			files = (
				F75502551B7E146C00DD6A40 /* BHBPopViewDemoTests.m in Sources */,
			);
			runOnlyForDeploymentPostprocessing = 0;
		};
/* End PBXSourcesBuildPhase section */

/* Begin PBXTargetDependency section */
		F75502501B7E146C00DD6A40 /* PBXTargetDependency */ = {
			isa = PBXTargetDependency;
			target = F75502341B7E146C00DD6A40 /* BHBPopViewDemo */;
			targetProxy = F755024F1B7E146C00DD6A40 /* PBXContainerItemProxy */;
		};
/* End PBXTargetDependency section */

/* Begin PBXVariantGroup section */
		F75502421B7E146C00DD6A40 /* Main.storyboard */ = {
			isa = PBXVariantGroup;
			children = (
				F75502431B7E146C00DD6A40 /* Base */,
			);
			name = Main.storyboard;
			sourceTree = "<group>";
		};
		F75502471B7E146C00DD6A40 /* LaunchScreen.xib */ = {
			isa = PBXVariantGroup;
			children = (
				F75502481B7E146C00DD6A40 /* Base */,
			);
			name = LaunchScreen.xib;
			sourceTree = "<group>";
		};
/* End PBXVariantGroup section */

/* Begin XCBuildConfiguration section */
		F75502561B7E146C00DD6A40 /* Debug */ = {
			isa = XCBuildConfiguration;
			buildSettings = {
				ALWAYS_SEARCH_USER_PATHS = NO;
				CLANG_CXX_LANGUAGE_STANDARD = "gnu++0x";
				CLANG_CXX_LIBRARY = "libc++";
				CLANG_ENABLE_MODULES = YES;
				CLANG_ENABLE_OBJC_ARC = YES;
				CLANG_WARN_BOOL_CONVERSION = YES;
				CLANG_WARN_CONSTANT_CONVERSION = YES;
				CLANG_WARN_DIRECT_OBJC_ISA_USAGE = YES_ERROR;
				CLANG_WARN_EMPTY_BODY = YES;
				CLANG_WARN_ENUM_CONVERSION = YES;
				CLANG_WARN_INT_CONVERSION = YES;
				CLANG_WARN_OBJC_ROOT_CLASS = YES_ERROR;
				CLANG_WARN_UNREACHABLE_CODE = YES;
				CLANG_WARN__DUPLICATE_METHOD_MATCH = YES;
				"CODE_SIGN_IDENTITY[sdk=iphoneos*]" = "iPhone Developer";
				COPY_PHASE_STRIP = NO;
				DEBUG_INFORMATION_FORMAT = "dwarf-with-dsym";
				ENABLE_STRICT_OBJC_MSGSEND = YES;
				GCC_C_LANGUAGE_STANDARD = gnu99;
				GCC_DYNAMIC_NO_PIC = NO;
				GCC_NO_COMMON_BLOCKS = YES;
				GCC_OPTIMIZATION_LEVEL = 0;
				GCC_PREPROCESSOR_DEFINITIONS = (
					"DEBUG=1",
					"$(inherited)",
				);
				GCC_SYMBOLS_PRIVATE_EXTERN = NO;
				GCC_WARN_64_TO_32_BIT_CONVERSION = YES;
				GCC_WARN_ABOUT_RETURN_TYPE = YES_ERROR;
				GCC_WARN_UNDECLARED_SELECTOR = YES;
				GCC_WARN_UNINITIALIZED_AUTOS = YES_AGGRESSIVE;
				GCC_WARN_UNUSED_FUNCTION = YES;
				GCC_WARN_UNUSED_VARIABLE = YES;
				IPHONEOS_DEPLOYMENT_TARGET = 8.4;
				MTL_ENABLE_DEBUG_INFO = YES;
				ONLY_ACTIVE_ARCH = YES;
				SDKROOT = iphoneos;
			};
			name = Debug;
		};
		F75502571B7E146C00DD6A40 /* Release */ = {
			isa = XCBuildConfiguration;
			buildSettings = {
				ALWAYS_SEARCH_USER_PATHS = NO;
				CLANG_CXX_LANGUAGE_STANDARD = "gnu++0x";
				CLANG_CXX_LIBRARY = "libc++";
				CLANG_ENABLE_MODULES = YES;
				CLANG_ENABLE_OBJC_ARC = YES;
				CLANG_WARN_BOOL_CONVERSION = YES;
				CLANG_WARN_CONSTANT_CONVERSION = YES;
				CLANG_WARN_DIRECT_OBJC_ISA_USAGE = YES_ERROR;
				CLANG_WARN_EMPTY_BODY = YES;
				CLANG_WARN_ENUM_CONVERSION = YES;
				CLANG_WARN_INT_CONVERSION = YES;
				CLANG_WARN_OBJC_ROOT_CLASS = YES_ERROR;
				CLANG_WARN_UNREACHABLE_CODE = YES;
				CLANG_WARN__DUPLICATE_METHOD_MATCH = YES;
				"CODE_SIGN_IDENTITY[sdk=iphoneos*]" = "iPhone Developer";
				COPY_PHASE_STRIP = NO;
				DEBUG_INFORMATION_FORMAT = "dwarf-with-dsym";
				ENABLE_NS_ASSERTIONS = NO;
				ENABLE_STRICT_OBJC_MSGSEND = YES;
				GCC_C_LANGUAGE_STANDARD = gnu99;
				GCC_NO_COMMON_BLOCKS = YES;
				GCC_WARN_64_TO_32_BIT_CONVERSION = YES;
				GCC_WARN_ABOUT_RETURN_TYPE = YES_ERROR;
				GCC_WARN_UNDECLARED_SELECTOR = YES;
				GCC_WARN_UNINITIALIZED_AUTOS = YES_AGGRESSIVE;
				GCC_WARN_UNUSED_FUNCTION = YES;
				GCC_WARN_UNUSED_VARIABLE = YES;
				IPHONEOS_DEPLOYMENT_TARGET = 8.4;
				MTL_ENABLE_DEBUG_INFO = NO;
				SDKROOT = iphoneos;
				VALIDATE_PRODUCT = YES;
			};
			name = Release;
		};
		F75502591B7E146C00DD6A40 /* Debug */ = {
			isa = XCBuildConfiguration;
			buildSettings = {
				ASSETCATALOG_COMPILER_APPICON_NAME = AppIcon;
				INFOPLIST_FILE = BHBPopViewDemo/Info.plist;
				IPHONEOS_DEPLOYMENT_TARGET = 9.1;
				LD_RUNPATH_SEARCH_PATHS = "$(inherited) @executable_path/Frameworks";
				PRODUCT_NAME = "$(TARGET_NAME)";
			};
			name = Debug;
		};
		F755025A1B7E146C00DD6A40 /* Release */ = {
			isa = XCBuildConfiguration;
			buildSettings = {
				ASSETCATALOG_COMPILER_APPICON_NAME = AppIcon;
				INFOPLIST_FILE = BHBPopViewDemo/Info.plist;
				IPHONEOS_DEPLOYMENT_TARGET = 9.1;
				LD_RUNPATH_SEARCH_PATHS = "$(inherited) @executable_path/Frameworks";
				PRODUCT_NAME = "$(TARGET_NAME)";
			};
			name = Release;
		};
		F755025C1B7E146C00DD6A40 /* Debug */ = {
			isa = XCBuildConfiguration;
			buildSettings = {
				BUNDLE_LOADER = "$(TEST_HOST)";
				FRAMEWORK_SEARCH_PATHS = (
					"$(SDKROOT)/Developer/Library/Frameworks",
					"$(inherited)",
				);
				GCC_PREPROCESSOR_DEFINITIONS = (
					"DEBUG=1",
					"$(inherited)",
				);
				INFOPLIST_FILE = BHBPopViewDemoTests/Info.plist;
				LD_RUNPATH_SEARCH_PATHS = "$(inherited) @executable_path/Frameworks @loader_path/Frameworks";
				PRODUCT_NAME = "$(TARGET_NAME)";
				TEST_HOST = "$(BUILT_PRODUCTS_DIR)/BHBPopViewDemo.app/BHBPopViewDemo";
			};
			name = Debug;
		};
		F755025D1B7E146C00DD6A40 /* Release */ = {
			isa = XCBuildConfiguration;
			buildSettings = {
				BUNDLE_LOADER = "$(TEST_HOST)";
				FRAMEWORK_SEARCH_PATHS = (
					"$(SDKROOT)/Developer/Library/Frameworks",
					"$(inherited)",
				);
				INFOPLIST_FILE = BHBPopViewDemoTests/Info.plist;
				LD_RUNPATH_SEARCH_PATHS = "$(inherited) @executable_path/Frameworks @loader_path/Frameworks";
				PRODUCT_NAME = "$(TARGET_NAME)";
				TEST_HOST = "$(BUILT_PRODUCTS_DIR)/BHBPopViewDemo.app/BHBPopViewDemo";
			};
			name = Release;
		};
/* End XCBuildConfiguration section */

/* Begin XCConfigurationList section */
		F75502301B7E146C00DD6A40 /* Build configuration list for PBXProject "BHBPopViewDemo" */ = {
			isa = XCConfigurationList;
			buildConfigurations = (
				F75502561B7E146C00DD6A40 /* Debug */,
				F75502571B7E146C00DD6A40 /* Release */,
			);
			defaultConfigurationIsVisible = 0;
			defaultConfigurationName = Release;
		};
		F75502581B7E146C00DD6A40 /* Build configuration list for PBXNativeTarget "BHBPopViewDemo" */ = {
			isa = XCConfigurationList;
			buildConfigurations = (
				F75502591B7E146C00DD6A40 /* Debug */,
				F755025A1B7E146C00DD6A40 /* Release */,
			);
			defaultConfigurationIsVisible = 0;
			defaultConfigurationName = Release;
		};
		F755025B1B7E146C00DD6A40 /* Build configuration list for PBXNativeTarget "BHBPopViewDemoTests" */ = {
			isa = XCConfigurationList;
			buildConfigurations = (
				F755025C1B7E146C00DD6A40 /* Debug */,
				F755025D1B7E146C00DD6A40 /* Release */,
			);
			defaultConfigurationIsVisible = 0;
			defaultConfigurationName = Release;
		};
/* End XCConfigurationList section */
	};
	rootObject = F755022D1B7E146C00DD6A40 /* Project object */;
}
